
Microsoft Visual Studio Solution File, Format Version 12.00
# Visual Studio Version 17
VisualStudioVersion = 17.5.33516.290
MinimumVisualStudioVersion = 10.0.40219.1
Project("{FAE04EC0-301F-11D3-BF4B-00C04F79EFBC}") = "vpn", "vpn\vpn.csproj", "{3573A390-ACC2-48E5-B63F-7D6EC53B217F}"
EndProject
Project("{54435603-DBB4-11D2-8724-00A0C9A8B90C}") = "SetupVPN", "..\SetupVPN\SetupVPN.vdproj", "{5BEE3669-6BCE-4A02-8BBA-9C588662964C}"
EndProject
Global
	GlobalSection(SolutionConfigurationPlatforms) = preSolution
		Debug|Any CPU = Debug|Any CPU
		Release|Any CPU = Release|Any CPU
	EndGlobalSection
	GlobalSection(ProjectConfigurationPlatforms) = postSolution
		{3573A390-ACC2-48E5-B63F-7D6EC53B217F}.Debug|Any CPU.ActiveCfg = Debug|Any CPU
		{3573A390-ACC2-48E5-B63F-7D6EC53B217F}.Debug|Any CPU.Build.0 = Debug|Any CPU
		{3573A390-ACC2-48E5-B63F-7D6EC53B217F}.Release|Any CPU.ActiveCfg = Release|Any CPU
		{3573A390-ACC2-48E5-B63F-7D6EC53B217F}.Release|Any CPU.Build.0 = Release|Any CPU
		{5BEE3669-6BCE-4A02-8BBA-9C588662964C}.Debug|Any CPU.ActiveCfg = Debug
		{5BEE3669-6BCE-4A02-8BBA-9C588662964C}.Release|Any CPU.ActiveCfg = Release
	EndGlobalSection
	GlobalSection(SolutionProperties) = preSolution
		HideSolutionNode = FALSE
	EndGlobalSection
	GlobalSection(ExtensibilityGlobals) = postSolution
		SolutionGuid = {15527F40-AE79-48BF-ABEA-A2639A69E5A8}
	EndGlobalSection
EndGlobal
